
Microsoft Visual Studio Solution File, Format Version 12.00
# Visual Studio 2012
Project("{FAE04EC0-301F-11D3-BF4B-00C04F79EFBC}") = "AppCore.Portable", "AppCore.Portable\AppCore.Portable.csproj", "{1CEF880C-4048-4C5F-8E9A-EC5DF3FD7ED1}"
EndProject
Project("{FAE04EC0-301F-11D3-BF4B-00C04F79EFBC}") = "AppCore.WinRt", "AppCore.WinRt\AppCore.WinRt.csproj", "{3C7FB7BD-E0E3-4E88-99AE-18A93E6E6D3F}"
EndProject
Project("{FAE04EC0-301F-11D3-BF4B-00C04F79EFBC}") = "UiCore.Portable", "UiCore.Portable\UiCore.Portable.csproj", "{73A8CAFB-CD3D-4FB0-88B7-13E6D19BA5CC}"
EndProject
Project("{FAE04EC0-301F-11D3-BF4B-00C04F79EFBC}") = "UiCore.WinRt", "UiCore.WinRt\UiCore.WinRt.csproj", "{2D4527D6-4679-487A-A410-17F47CD0A9B1}"
EndProject
Project("{FAE04EC0-301F-11D3-BF4B-00C04F79EFBC}") = "WinRtSamples", "WinRtSamples\WinRtSamples.csproj", "{B823BFBD-D0A0-4030-9545-9D586F02774F}"
EndProject
Global
	GlobalSection(SolutionConfigurationPlatforms) = preSolution
		Debug|Any CPU = Debug|Any CPU
		Debug|ARM = Debug|ARM
		Debug|x64 = Debug|x64
		Debug|x86 = Debug|x86
		Release|Any CPU = Release|Any CPU
		Release|ARM = Release|ARM
		Release|x64 = Release|x64
		Release|x86 = Release|x86
	EndGlobalSection
	GlobalSection(ProjectConfigurationPlatforms) = postSolution
		{1CEF880C-4048-4C5F-8E9A-EC5DF3FD7ED1}.Debug|Any CPU.ActiveCfg = Debug|Any CPU
		{1CEF880C-4048-4C5F-8E9A-EC5DF3FD7ED1}.Debug|Any CPU.Build.0 = Debug|Any CPU
		{1CEF880C-4048-4C5F-8E9A-EC5DF3FD7ED1}.Debug|ARM.ActiveCfg = Debug|Any CPU
		{1CEF880C-4048-4C5F-8E9A-EC5DF3FD7ED1}.Debug|x64.ActiveCfg = Debug|Any CPU
		{1CEF880C-4048-4C5F-8E9A-EC5DF3FD7ED1}.Debug|x86.ActiveCfg = Debug|Any CPU
		{1CEF880C-4048-4C5F-8E9A-EC5DF3FD7ED1}.Release|Any CPU.ActiveCfg = Release|Any CPU
		{1CEF880C-4048-4C5F-8E9A-EC5DF3FD7ED1}.Release|Any CPU.Build.0 = Release|Any CPU
		{1CEF880C-4048-4C5F-8E9A-EC5DF3FD7ED1}.Release|ARM.ActiveCfg = Release|Any CPU
		{1CEF880C-4048-4C5F-8E9A-EC5DF3FD7ED1}.Release|x64.ActiveCfg = Release|Any CPU
		{1CEF880C-4048-4C5F-8E9A-EC5DF3FD7ED1}.Release|x86.ActiveCfg = Release|Any CPU
		{3C7FB7BD-E0E3-4E88-99AE-18A93E6E6D3F}.Debug|Any CPU.ActiveCfg = Debug|Any CPU
		{3C7FB7BD-E0E3-4E88-99AE-18A93E6E6D3F}.Debug|Any CPU.Build.0 = Debug|Any CPU
		{3C7FB7BD-E0E3-4E88-99AE-18A93E6E6D3F}.Debug|ARM.ActiveCfg = Debug|ARM
		{3C7FB7BD-E0E3-4E88-99AE-18A93E6E6D3F}.Debug|ARM.Build.0 = Debug|ARM
		{3C7FB7BD-E0E3-4E88-99AE-18A93E6E6D3F}.Debug|x64.ActiveCfg = Debug|x64
		{3C7FB7BD-E0E3-4E88-99AE-18A93E6E6D3F}.Debug|x64.Build.0 = Debug|x64
		{3C7FB7BD-E0E3-4E88-99AE-18A93E6E6D3F}.Debug|x86.ActiveCfg = Debug|x86
		{3C7FB7BD-E0E3-4E88-99AE-18A93E6E6D3F}.Debug|x86.Build.0 = Debug|x86
		{3C7FB7BD-E0E3-4E88-99AE-18A93E6E6D3F}.Release|Any CPU.ActiveCfg = Release|Any CPU
		{3C7FB7BD-E0E3-4E88-99AE-18A93E6E6D3F}.Release|Any CPU.Build.0 = Release|Any CPU
		{3C7FB7BD-E0E3-4E88-99AE-18A93E6E6D3F}.Release|ARM.ActiveCfg = Release|ARM
		{3C7FB7BD-E0E3-4E88-99AE-18A93E6E6D3F}.Release|ARM.Build.0 = Release|ARM
		{3C7FB7BD-E0E3-4E88-99AE-18A93E6E6D3F}.Release|x64.ActiveCfg = Release|x64
		{3C7FB7BD-E0E3-4E88-99AE-18A93E6E6D3F}.Release|x64.Build.0 = Release|x64
		{3C7FB7BD-E0E3-4E88-99AE-18A93E6E6D3F}.Release|x86.ActiveCfg = Release|x86
		{3C7FB7BD-E0E3-4E88-99AE-18A93E6E6D3F}.Release|x86.Build.0 = Release|x86
		{73A8CAFB-CD3D-4FB0-88B7-13E6D19BA5CC}.Debug|Any CPU.ActiveCfg = Debug|Any CPU
		{73A8CAFB-CD3D-4FB0-88B7-13E6D19BA5CC}.Debug|Any CPU.Build.0 = Debug|Any CPU
		{73A8CAFB-CD3D-4FB0-88B7-13E6D19BA5CC}.Debug|ARM.ActiveCfg = Debug|Any CPU
		{73A8CAFB-CD3D-4FB0-88B7-13E6D19BA5CC}.Debug|x64.ActiveCfg = Debug|Any CPU
		{73A8CAFB-CD3D-4FB0-88B7-13E6D19BA5CC}.Debug|x86.ActiveCfg = Debug|Any CPU
		{73A8CAFB-CD3D-4FB0-88B7-13E6D19BA5CC}.Release|Any CPU.ActiveCfg = Release|Any CPU
		{73A8CAFB-CD3D-4FB0-88B7-13E6D19BA5CC}.Release|Any CPU.Build.0 = Release|Any CPU
		{73A8CAFB-CD3D-4FB0-88B7-13E6D19BA5CC}.Release|ARM.ActiveCfg = Release|Any CPU
		{73A8CAFB-CD3D-4FB0-88B7-13E6D19BA5CC}.Release|x64.ActiveCfg = Release|Any CPU
		{73A8CAFB-CD3D-4FB0-88B7-13E6D19BA5CC}.Release|x86.ActiveCfg = Release|Any CPU
		{2D4527D6-4679-487A-A410-17F47CD0A9B1}.Debug|Any CPU.ActiveCfg = Debug|Any CPU
		{2D4527D6-4679-487A-A410-17F47CD0A9B1}.Debug|Any CPU.Build.0 = Debug|Any CPU
		{2D4527D6-4679-487A-A410-17F47CD0A9B1}.Debug|ARM.ActiveCfg = Debug|ARM
		{2D4527D6-4679-487A-A410-17F47CD0A9B1}.Debug|ARM.Build.0 = Debug|ARM
		{2D4527D6-4679-487A-A410-17F47CD0A9B1}.Debug|x64.ActiveCfg = Debug|x64
		{2D4527D6-4679-487A-A410-17F47CD0A9B1}.Debug|x64.Build.0 = Debug|x64
		{2D4527D6-4679-487A-A410-17F47CD0A9B1}.Debug|x86.ActiveCfg = Debug|x86
		{2D4527D6-4679-487A-A410-17F47CD0A9B1}.Debug|x86.Build.0 = Debug|x86
		{2D4527D6-4679-487A-A410-17F47CD0A9B1}.Release|Any CPU.ActiveCfg = Release|Any CPU
		{2D4527D6-4679-487A-A410-17F47CD0A9B1}.Release|Any CPU.Build.0 = Release|Any CPU
		{2D4527D6-4679-487A-A410-17F47CD0A9B1}.Release|ARM.ActiveCfg = Release|ARM
		{2D4527D6-4679-487A-A410-17F47CD0A9B1}.Release|ARM.Build.0 = Release|ARM
		{2D4527D6-4679-487A-A410-17F47CD0A9B1}.Release|x64.ActiveCfg = Release|x64
		{2D4527D6-4679-487A-A410-17F47CD0A9B1}.Release|x64.Build.0 = Release|x64
		{2D4527D6-4679-487A-A410-17F47CD0A9B1}.Release|x86.ActiveCfg = Release|x86
		{2D4527D6-4679-487A-A410-17F47CD0A9B1}.Release|x86.Build.0 = Release|x86
		{B823BFBD-D0A0-4030-9545-9D586F02774F}.Debug|Any CPU.ActiveCfg = Debug|Any CPU
		{B823BFBD-D0A0-4030-9545-9D586F02774F}.Debug|Any CPU.Build.0 = Debug|Any CPU
		{B823BFBD-D0A0-4030-9545-9D586F02774F}.Debug|Any CPU.Deploy.0 = Debug|Any CPU
		{B823BFBD-D0A0-4030-9545-9D586F02774F}.Debug|ARM.ActiveCfg = Debug|ARM
		{B823BFBD-D0A0-4030-9545-9D586F02774F}.Debug|ARM.Build.0 = Debug|ARM
		{B823BFBD-D0A0-4030-9545-9D586F02774F}.Debug|ARM.Deploy.0 = Debug|ARM
		{B823BFBD-D0A0-4030-9545-9D586F02774F}.Debug|x64.ActiveCfg = Debug|x64
		{B823BFBD-D0A0-4030-9545-9D586F02774F}.Debug|x64.Build.0 = Debug|x64
		{B823BFBD-D0A0-4030-9545-9D586F02774F}.Debug|x64.Deploy.0 = Debug|x64
		{B823BFBD-D0A0-4030-9545-9D586F02774F}.Debug|x86.ActiveCfg = Debug|x86
		{B823BFBD-D0A0-4030-9545-9D586F02774F}.Debug|x86.Build.0 = Debug|x86
		{B823BFBD-D0A0-4030-9545-9D586F02774F}.Debug|x86.Deploy.0 = Debug|x86
		{B823BFBD-D0A0-4030-9545-9D586F02774F}.Release|Any CPU.ActiveCfg = Release|Any CPU
		{B823BFBD-D0A0-4030-9545-9D586F02774F}.Release|Any CPU.Build.0 = Release|Any CPU
		{B823BFBD-D0A0-4030-9545-9D586F02774F}.Release|Any CPU.Deploy.0 = Release|Any CPU
		{B823BFBD-D0A0-4030-9545-9D586F02774F}.Release|ARM.ActiveCfg = Release|ARM
		{B823BFBD-D0A0-4030-9545-9D586F02774F}.Release|ARM.Build.0 = Release|ARM
		{B823BFBD-D0A0-4030-9545-9D586F02774F}.Release|ARM.Deploy.0 = Release|ARM
		{B823BFBD-D0A0-4030-9545-9D586F02774F}.Release|x64.ActiveCfg = Release|x64
		{B823BFBD-D0A0-4030-9545-9D586F02774F}.Release|x64.Build.0 = Release|x64
		{B823BFBD-D0A0-4030-9545-9D586F02774F}.Release|x64.Deploy.0 = Release|x64
		{B823BFBD-D0A0-4030-9545-9D586F02774F}.Release|x86.ActiveCfg = Release|x86
		{B823BFBD-D0A0-4030-9545-9D586F02774F}.Release|x86.Build.0 = Release|x86
		{B823BFBD-D0A0-4030-9545-9D586F02774F}.Release|x86.Deploy.0 = Release|x86
	EndGlobalSection
	GlobalSection(SolutionProperties) = preSolution
		HideSolutionNode = FALSE
	EndGlobalSection
EndGlobal
